
Microsoft Visual Studio Solution File, Format Version 12.00
# Visual Studio Version 16
VisualStudioVersion = 16.0.29905.134
MinimumVisualStudioVersion = 10.0.40219.1
Project("{FAE04EC0-301F-11D3-BF4B-00C04F79EFBC}") = "GA.Promo.Api", "GA.Promo.Api\GA.Promo.Api.csproj", "{CBFF235D-E1E6-4957-B342-4A1921BD1E9A}"
EndProject
Project("{FAE04EC0-301F-11D3-BF4B-00C04F79EFBC}") = "GA.Promo.Web", "GA.Promo.Web\GA.Promo.Web.csproj", "{ABD17739-285B-4C47-804C-6CD75A213DAB}"
EndProject
Global
	GlobalSection(SolutionConfigurationPlatforms) = preSolution
		Debug|Any CPU = Debug|Any CPU
		Release|Any CPU = Release|Any CPU
	EndGlobalSection
	GlobalSection(ProjectConfigurationPlatforms) = postSolution
		{CBFF235D-E1E6-4957-B342-4A1921BD1E9A}.Debug|Any CPU.ActiveCfg = Debug|Any CPU
		{CBFF235D-E1E6-4957-B342-4A1921BD1E9A}.Debug|Any CPU.Build.0 = Debug|Any CPU
		{CBFF235D-E1E6-4957-B342-4A1921BD1E9A}.Release|Any CPU.ActiveCfg = Release|Any CPU
		{CBFF235D-E1E6-4957-B342-4A1921BD1E9A}.Release|Any CPU.Build.0 = Release|Any CPU
		{ABD17739-285B-4C47-804C-6CD75A213DAB}.Debug|Any CPU.ActiveCfg = Debug|Any CPU
		{ABD17739-285B-4C47-804C-6CD75A213DAB}.Debug|Any CPU.Build.0 = Debug|Any CPU
		{ABD17739-285B-4C47-804C-6CD75A213DAB}.Release|Any CPU.ActiveCfg = Release|Any CPU
		{ABD17739-285B-4C47-804C-6CD75A213DAB}.Release|Any CPU.Build.0 = Release|Any CPU
	EndGlobalSection
	GlobalSection(SolutionProperties) = preSolution
		HideSolutionNode = FALSE
	EndGlobalSection
	GlobalSection(ExtensibilityGlobals) = postSolution
		SolutionGuid = {7F6810CB-4807-4F67-9949-26CF0727F834}
	EndGlobalSection
EndGlobal
